{
  "version": 4,
  "terraform_version": "1.13.4",
  "serial": 14,
  "lineage": "73fe9e7d-8853-619b-0d26-ac4f42cc7550",
  "outputs": {
    "eso_private_key": {
      "value": "ewogICJ0eXBlIjogInNlcnZpY2VfYWNjb3VudCIsCiAgInByb2plY3RfaWQiOiAicXdpa2xhYnMtZ2NwLTAyLTY5NGZkZTUxY2FjMiIsCiAgInByaXZhdGVfa2V5X2lkIjogIjllODdjMDZhNTM3ZjZhYmRkMmFiZjhjNTAxOGU3NmE1OTJmMDdmNTYiLAogICJwcml2YXRlX2tleSI6ICItLS0tLUJFR0lOIFBSSVZBVEUgS0VZLS0tLS1cbk1JSUV2UUlCQURBTkJna3Foa2lHOXcwQkFRRUZBQVNDQktjd2dnU2pBZ0VBQW9JQkFRQ3hpSXNEUk95bmFScWxcbjBKQ2p4UjkyVmtKWE9IOUZkaVo2QWZ2eG1STmZZNENkZlRNYVBHVC9QR0k2ZjBMV2tCMmpCb09QRmkwVzEzVHpcbm9oNExpdFZKd1Y5b01rRW9CM3NaSFlBcUE2cERYRXVjdmV6emFvT2xkRFlvVlR2a09BaWJ0SVU1V0dZZ3hWYmNcbmNBWGhudmZXcldJOFMvblpIVTZoZjJ3VEx3eFlvakRqRE9Gb1ZvdmpIZ1R0VEdoYTZOaTY4eFpldkt2dkk1bnhcblNpM2hRampTVEZWdjVsVmF0WHl6L1JCTVkvRnFabUhVakhkK2dqODhRWksvVlErTUpKc0gxUHpkZ0VDY0ZTYmVcbkY3QkZZa3FJZWdsTC80R202c25xNTMxVHZubGVSRzJhUlNOQnd0L05YT29NQ1J5eUE2SUtVZkM4MWFObm9kb0ZcblhRaGliTmVwQWdNQkFBRUNnZ0VBQjUvTURJZGt2R25NbmF0ZjB0Q3Y0YmFob2JwSTZQUkNnY0hkRG9xYTVPRlNcbmtERGt4VzhyalRTTUtXUDJ2RjB6RUtIQ2U1NGhzSlh2TFZsY2ZmVm41SU43OCs4WWtqNEVBTmVkL2UvclczbzJcbnV4UUMvWThvK1MyTTk5MTFOWDljaTBkTTQySVMvTHhNMXltdWJ2cVRQVEowQWcvbk9uWkNQcmhJcldnN1dRRUhcbjFWZ3lDd0NpY3ROa0FIK25HcVc5Z2ZRbGxqeGdPUnFRRmNraXFrY25Lc1ZBdjZ2WE82ZFhlZDkwcTdLUnZwbVJcbkpibjVqRDQzOFJZdS9KWnM4WmplMXFzVnpjenhhN0dXT2JCejg2Nzd0UDhjOVBNVXNEaGt6b1A1REpuaWhDRE9cblBQdDBzMDd5TEZOQU85Qzk5bU15NGY1cFJTdkZBaFRlMTdlOGpyWENBUUtCZ1FEWVIvRUl5b2VmZ0M4Ni9laDhcbmFsUHRiRFQvV2FLVnk4Vit2dGdBM1c4dGZ0NnMrdURRemRIdUo2UkJqZUZ6anhZLyt3MWVQS0d2d0tsOXpXRFZcbm1VeWhVV1JOUlprenJUUjlmeW1OdlZZaVZwclNQcWlUdStBdnQreXdhWkwzQjZJSHg4TzBTbmlSNlBLekwzYU9cbnZyUk92TGtzZkU1VjJ0c1k3cDkyZzN5N0tRS0JnUURTSXZPRVIrSDd3d3RHTVhUM2duSkFEL2ZBMlN3OGVvWS9cbkx6NFB4NndxTm9MWmNkUjBjNHpvY0xPM043djdhSDhMT0U4QXJkSE8vU2JWUUF5Ti9jYUVkd0VWWXAvYktyb2FcblhFYTI5alAxL1BOMUZGY0IvZ3RJTll2cTFVRjI5N0RmUlJndDBQdmE1Ykg1ZFpDMXh5NUlnZE02Y2FSWStvY1hcblExa1ZDVmRJZ1FLQmdHc3ZaQjNtT1VacndYeHIzeTdoaHd4d0J1ZlJwVWkxZnYvc1ZxSS9HMTBodGZ0bUxjcHRcblppK3Z4N0NSUHYwRkdaTEZ1WDlOYnhmcDFGVzdWZFVscnh0M2VjenR4Qm9mS1pkVVVPU2t3NjRxMjNsOGdoRU5cbkYvS3VKUWZjbW5BQWdXVjNzOTZDMWJRQ0RWMk9GU1J6RUdyQkRzZ2tKckpYenlOUkJ3ZzE2N2ZaQW9HQUtLM3BcbmRHOHgrVG45NGIzTFJlcnowU0VHTmtnVWZ6Uzg3bGhuN0VnY05TUE9XdWZsV0JIU2NtRDIrWDRKbnhiUW1VeHlcblJ0QmZjSEdqWmQ3N1R6V1VpNm82QkhqT04zQmpESjFXZHk3Y1NqK0lwZDZsSlZhWHVvZmJLVC9WWjRGMXRSTThcbkpncHg1eU5XTzlPZGl3TWZHNXcrVnU4UEFNYW5Ca0xjYU8wZy80RUNnWUVBanFmVGlUMWdKTlBhRjhTTGpxN0dcbnM4dHhFWWd0ZDJha2JFTnlvQTl2c2FjZW8vVlEvZTRDejJwN05DeXZXLzNmaFFrS2RVbXQ5eDlROXZJalMrMUdcbnRWcUdhbXJCeGF6WjhCZFJ0Nlk1cWMreTBSUWlIR0Q4blQ3eXZGNmoxTXRxRXprcmhpZ3NidUNLV2xPZnJiODZcbnhSeGM1a3dxT1RMSUlGWFJVM1VUSVNZPVxuLS0tLS1FTkQgUFJJVkFURSBLRVktLS0tLVxuIiwKICAiY2xpZW50X2VtYWlsIjogImVzby1zYUBxd2lrbGFicy1nY3AtMDItNjk0ZmRlNTFjYWMyLmlhbS5nc2VydmljZWFjY291bnQuY29tIiwKICAiY2xpZW50X2lkIjogIjEwMjAzMzc1OTc3NzEwMDc2NTU5MCIsCiAgImF1dGhfdXJpIjogImh0dHBzOi8vYWNjb3VudHMuZ29vZ2xlLmNvbS9vL29hdXRoMi9hdXRoIiwKICAidG9rZW5fdXJpIjogImh0dHBzOi8vb2F1dGgyLmdvb2dsZWFwaXMuY29tL3Rva2VuIiwKICAiYXV0aF9wcm92aWRlcl94NTA5X2NlcnRfdXJsIjogImh0dHBzOi8vd3d3Lmdvb2dsZWFwaXMuY29tL29hdXRoMi92MS9jZXJ0cyIsCiAgImNsaWVudF94NTA5X2NlcnRfdXJsIjogImh0dHBzOi8vd3d3Lmdvb2dsZWFwaXMuY29tL3JvYm90L3YxL21ldGFkYXRhL3g1MDkvZXNvLXNhJTQwcXdpa2xhYnMtZ2NwLTAyLTY5NGZkZTUxY2FjMi5pYW0uZ3NlcnZpY2VhY2NvdW50LmNvbSIsCiAgInVuaXZlcnNlX2RvbWFpbiI6ICJnb29nbGVhcGlzLmNvbSIKfQo=",
      "type": "string",
      "sensitive": true
    }
  },
  "resources": [
    {
      "module": "module.api",
      "mode": "managed",
      "type": "google_project_service",
      "name": "enabled",
      "provider": "provider[\"registry.terraform.io/hashicorp/google\"]",
      "instances": [
        {
          "index_key": "compute.googleapis.com",
          "schema_version": 0,
          "attributes": {
            "disable_dependent_services": null,
            "disable_on_destroy": null,
            "id": "qwiklabs-gcp-02-694fde51cac2/compute.googleapis.com",
            "project": "qwiklabs-gcp-02-694fde51cac2",
            "service": "compute.googleapis.com",
            "timeouts": null
          },
          "sensitive_attributes": [],
          "identity_schema_version": 0,
          "private": "eyJlMmJmYjczMC1lY2FhLTExZTYtOGY4OC0zNDM2M2JjN2M0YzAiOnsiY3JlYXRlIjoxMjAwMDAwMDAwMDAwLCJkZWxldGUiOjEyMDAwMDAwMDAwMDAsInJlYWQiOjYwMDAwMDAwMDAwMCwidXBkYXRlIjoxMjAwMDAwMDAwMDAwfX0="
        },
        {
          "index_key": "redis.googleapis.com",
          "schema_version": 0,
          "attributes": {
            "disable_dependent_services": null,
            "disable_on_destroy": null,
            "id": "qwiklabs-gcp-02-694fde51cac2/redis.googleapis.com",
            "project": "qwiklabs-gcp-02-694fde51cac2",
            "service": "redis.googleapis.com",
            "timeouts": null
          },
          "sensitive_attributes": [],
          "identity_schema_version": 0,
          "private": "eyJlMmJmYjczMC1lY2FhLTExZTYtOGY4OC0zNDM2M2JjN2M0YzAiOnsiY3JlYXRlIjoxMjAwMDAwMDAwMDAwLCJkZWxldGUiOjEyMDAwMDAwMDAwMDAsInJlYWQiOjYwMDAwMDAwMDAwMCwidXBkYXRlIjoxMjAwMDAwMDAwMDAwfX0="
        },
        {
          "index_key": "secretmanager.googleapis.com",
          "schema_version": 0,
          "attributes": {
            "disable_dependent_services": null,
            "disable_on_destroy": null,
            "id": "qwiklabs-gcp-02-694fde51cac2/secretmanager.googleapis.com",
            "project": "qwiklabs-gcp-02-694fde51cac2",
            "service": "secretmanager.googleapis.com",
            "timeouts": null
          },
          "sensitive_attributes": [],
          "identity_schema_version": 0,
          "private": "eyJlMmJmYjczMC1lY2FhLTExZTYtOGY4OC0zNDM2M2JjN2M0YzAiOnsiY3JlYXRlIjoxMjAwMDAwMDAwMDAwLCJkZWxldGUiOjEyMDAwMDAwMDAwMDAsInJlYWQiOjYwMDAwMDAwMDAwMCwidXBkYXRlIjoxMjAwMDAwMDAwMDAwfX0="
        },
        {
          "index_key": "servicenetworking.googleapis.com",
          "schema_version": 0,
          "attributes": {
            "disable_dependent_services": null,
            "disable_on_destroy": null,
            "id": "qwiklabs-gcp-02-694fde51cac2/servicenetworking.googleapis.com",
            "project": "qwiklabs-gcp-02-694fde51cac2",
            "service": "servicenetworking.googleapis.com",
            "timeouts": null
          },
          "sensitive_attributes": [],
          "identity_schema_version": 0,
          "private": "eyJlMmJmYjczMC1lY2FhLTExZTYtOGY4OC0zNDM2M2JjN2M0YzAiOnsiY3JlYXRlIjoxMjAwMDAwMDAwMDAwLCJkZWxldGUiOjEyMDAwMDAwMDAwMDAsInJlYWQiOjYwMDAwMDAwMDAwMCwidXBkYXRlIjoxMjAwMDAwMDAwMDAwfX0="
        },
        {
          "index_key": "sqladmin.googleapis.com",
          "schema_version": 0,
          "attributes": {
            "disable_dependent_services": null,
            "disable_on_destroy": null,
            "id": "qwiklabs-gcp-02-694fde51cac2/sqladmin.googleapis.com",
            "project": "qwiklabs-gcp-02-694fde51cac2",
            "service": "sqladmin.googleapis.com",
            "timeouts": null
          },
          "sensitive_attributes": [],
          "identity_schema_version": 0,
          "private": "eyJlMmJmYjczMC1lY2FhLTExZTYtOGY4OC0zNDM2M2JjN2M0YzAiOnsiY3JlYXRlIjoxMjAwMDAwMDAwMDAwLCJkZWxldGUiOjEyMDAwMDAwMDAwMDAsInJlYWQiOjYwMDAwMDAwMDAwMCwidXBkYXRlIjoxMjAwMDAwMDAwMDAwfX0="
        }
      ]
    },
    {
      "module": "module.cloudsql",
      "mode": "managed",
      "type": "google_service_account",
      "name": "proxy_sa",
      "provider": "provider[\"registry.terraform.io/hashicorp/google\"]",
      "instances": [
        {
          "schema_version": 0,
          "attributes": {
            "account_id": "cloudsql-proxy",
            "create_ignore_already_exists": null,
            "description": "",
            "disabled": false,
            "display_name": "Cloud SQL Proxy Service Account",
            "email": "cloudsql-proxy@qwiklabs-gcp-02-694fde51cac2.iam.gserviceaccount.com",
            "id": "projects/qwiklabs-gcp-02-694fde51cac2/serviceAccounts/cloudsql-proxy@qwiklabs-gcp-02-694fde51cac2.iam.gserviceaccount.com",
            "member": "serviceAccount:cloudsql-proxy@qwiklabs-gcp-02-694fde51cac2.iam.gserviceaccount.com",
            "name": "projects/qwiklabs-gcp-02-694fde51cac2/serviceAccounts/cloudsql-proxy@qwiklabs-gcp-02-694fde51cac2.iam.gserviceaccount.com",
            "project": "qwiklabs-gcp-02-694fde51cac2",
            "timeouts": null,
            "unique_id": "110043147100874086469"
          },
          "sensitive_attributes": [],
          "identity_schema_version": 0,
          "private": "eyJlMmJmYjczMC1lY2FhLTExZTYtOGY4OC0zNDM2M2JjN2M0YzAiOnsiY3JlYXRlIjozMDAwMDAwMDAwMDB9fQ==",
          "dependencies": [
            "module.network.google_compute_firewall.allow_iap_ssh",
            "module.network.google_compute_firewall.allow_redis",
            "module.network.google_compute_global_address.google_managed_services_range",
            "module.network.google_compute_network.vpc",
            "module.network.google_compute_router.router",
            "module.network.google_compute_router_nat.nat",
            "module.network.google_service_networking_connection.private_vpc_connection"
          ]
        }
      ]
    },
    {
      "module": "module.cloudsql",
      "mode": "managed",
      "type": "google_service_account_key",
      "name": "proxy_sa_key",
      "provider": "provider[\"registry.terraform.io/hashicorp/google\"]",
      "instances": [
        {
          "schema_version": 0,
          "attributes": {
            "id": "projects/qwiklabs-gcp-02-694fde51cac2/serviceAccounts/cloudsql-proxy@qwiklabs-gcp-02-694fde51cac2.iam.gserviceaccount.com/keys/d27f4c18d8d2cb3bde57cd3f059c6748401cfdcf",
            "keepers": {
              "key_rotation": "v1"
            },
            "key_algorithm": "KEY_ALG_RSA_2048",
            "name": "projects/qwiklabs-gcp-02-694fde51cac2/serviceAccounts/cloudsql-proxy@qwiklabs-gcp-02-694fde51cac2.iam.gserviceaccount.com/keys/d27f4c18d8d2cb3bde57cd3f059c6748401cfdcf",
            "private_key": "ewogICJ0eXBlIjogInNlcnZpY2VfYWNjb3VudCIsCiAgInByb2plY3RfaWQiOiAicXdpa2xhYnMtZ2NwLTAyLTY5NGZkZTUxY2FjMiIsCiAgInByaXZhdGVfa2V5X2lkIjogImQyN2Y0YzE4ZDhkMmNiM2JkZTU3Y2QzZjA1OWM2NzQ4NDAxY2ZkY2YiLAogICJwcml2YXRlX2tleSI6ICItLS0tLUJFR0lOIFBSSVZBVEUgS0VZLS0tLS1cbk1JSUV2QUlCQURBTkJna3Foa2lHOXcwQkFRRUZBQVNDQktZd2dnU2lBZ0VBQW9JQkFRRFAvaXFId014YkdseWxcbmIzZ01mZ1NlTHFheEhIYVgxRFpXUno1eTJnSzNvakE5aFlTRHg3WmNOTjFYcVZPUVgwb2xqTGdPTTBhK1AwbDFcbmZHMUtEVjFCV1pFeDhQK1hwVDlwcGhyZ2FxSFVwMjFpU0xVenBZODNGcFhtby9oQTF0OVZWczl1NHo4ZzdIR2JcblZaYzBUZHFhN2ZBb0FhOG14ZDhJdThFTjdSdDJMRmJaVmRyMytCZHJYdUoycnpiVUs5N2NwMXFEc2lvcEYwSW9cbnBIOHArNVA1WDFjWEM2SlJ2d2dheFh2ZWVNWFZMVW5rL0NFd3BYWWpLZjBNNXY0VUpVZmNnSjQzKzVpZHVTSXRcbkc2K3R3Z1lkSURHdE5zcmJIZGl2R29EY09QbUI4eHBMYldGWXNNZGp1bjBtTXp0ZEtORVRGZTlnem91U1B1cWhcbklyQWErS1lyQWdNQkFBRUNnZ0VBR0hZSVUzSFp0c2NwYVMxc1hXKytwRW5SUWRnYW5HMlJQR0ZobDBsTGM0UklcbkR4d3lRdnRNVjVqQ0JVcTlNS2Y4Uk9GQlRpNDZuaW84UGV4MXYvVkZaK2VjTzFiZ0FGb25WSW43OURPbU42ZS9cbkpnVnVCaFpzK3VvVmxBdnBxTnA4Wm9Gd29OWnArTG5GL0tJNng2UjJWcTB3QnN4MzZHUHlBSWx3UVc2R3djVnJcbjMreUtEMEFXcXpNR2p1VVVEaTE2UlhGWHZTRFZ4RlM2SENPRGQrblBKdGYxNEo2UnBPY1Fydkhqc29PbWplTDJcbnlQMXByM2tqS3VCTFlJK2tIRHZaWkVpdUVMZmJMbVcvcVJVVDlqeWJPZFZScCtkZVZxOFQxQjAyemZsN3dlT21cbjhheU12V1N1dUVaK0JMNGhzdlFELzRxM3Raa3FlUlhqRjRQdmxIV2hmUUtCZ1FEczVYYTZIYXNnekN5VHZuaXVcblFndkZBVmg0RlRnSVV4TjVxSVhwSmk4M1Y3QVJsTTdLcXFPSmo2YkpWU3dhNmNBMDJmcEM4MTlqbEpsZmdIUUlcblBKTngxdER1SmJERUt5MjJ3T2FrNkVyd1VWc2lrVzhLc0VzOUlLREVGRUFHeU5tOUJZa3F3ZFZkUDUxVGV4Nm5cbjZkVER4enpRNTk5Tm5laXJDZkQxdHN5dWR3S0JnUURneEFNeklLMVNMelVzQjUvR1pCS1JYVjg0VHZBRGVQYi9cblpFZ2Q5cnhkOEQvbGN6VytDNSt6amFSTU1IajljSWcrOGNwK2I2cDFWZ2tHbkU3dkFRb0k1dm9vMDJkSUJtOGVcbmVIU1Vhd0RrbDBHZEJyaTJqTXFXQU4xUklJTXlCRzZ1V3VxWDRFdjFOZzhyZEQwSWRrYjcwdGRFYlF4RTN3MFdcbmVYTW9SSnh1N1FLQmdFOG5sUFkzTjVqcjMvRTE4WWo0VklwdEdxeDFHcFhkZkdKb0p1WnlkZEJlSWx5ZGhrTTlcbnBRc3Z6cUR6THB1SGcwdWxrZk9ROGt5SnVIMnFwQnFrY3ZmVXVWYjVqUWpmREpWRiswc2F1djkxajZnTFJEa2tcbkV0L0g2Uy9iUEZHSUJ3a2JzbXR3L09QOWY0b0hWNFR2b3NJUDdvZzNFZXdUV1V6ZE00Qkdwam1kQW9HQUticGFcbk9iaThWTUNzNTNLMjUvY1dOMlNWVS9mYnVWbFF5ZE5OVERyTmQ4Y3RwYVNBK3JwZnVNNzRES2tISFU0eURUV0lcbmVYYXp0N3IwVEFUaTVwNVR4WmxVSWhZMVczck9VR0xlaWR0ZnZCQ1V2dGxMbTZDQno5MXpPU2VIRTljYzBVUFJcbnY4YUZjNDNJdlRHRVR6amVMc3hTNk1JeC8rdEZHOElLYmhSbTBuVUNnWUJMOVZnNkxHRUFiTWZaRU5WUUpLK0JcblFaMWtSbjh2UTloK3dlbVRCSGZmVXhZSmsvSmthRXA5U2VQZVJzVk1kOEI1QmZ1UUg1S1hxVGNyRWpuWTZCYjJcbmFyRVlhMmJNOGxUK1Vqcmxhd1ZoK0kxNnlmY2VTRUR4TjMvUVI1dzhreWQ5R3prY3RId1A4NFRNSWRCUmpjVmNcblZ6RlM1Sko3aDhVMXpQTWlRUEpaZmc9PVxuLS0tLS1FTkQgUFJJVkFURSBLRVktLS0tLVxuIiwKICAiY2xpZW50X2VtYWlsIjogImNsb3Vkc3FsLXByb3h5QHF3aWtsYWJzLWdjcC0wMi02OTRmZGU1MWNhYzIuaWFtLmdzZXJ2aWNlYWNjb3VudC5jb20iLAogICJjbGllbnRfaWQiOiAiMTEwMDQzMTQ3MTAwODc0MDg2NDY5IiwKICAiYXV0aF91cmkiOiAiaHR0cHM6Ly9hY2NvdW50cy5nb29nbGUuY29tL28vb2F1dGgyL2F1dGgiLAogICJ0b2tlbl91cmkiOiAiaHR0cHM6Ly9vYXV0aDIuZ29vZ2xlYXBpcy5jb20vdG9rZW4iLAogICJhdXRoX3Byb3ZpZGVyX3g1MDlfY2VydF91cmwiOiAiaHR0cHM6Ly93d3cuZ29vZ2xlYXBpcy5jb20vb2F1dGgyL3YxL2NlcnRzIiwKICAiY2xpZW50X3g1MDlfY2VydF91cmwiOiAiaHR0cHM6Ly93d3cuZ29vZ2xlYXBpcy5jb20vcm9ib3QvdjEvbWV0YWRhdGEveDUwOS9jbG91ZHNxbC1wcm94eSU0MHF3aWtsYWJzLWdjcC0wMi02OTRmZGU1MWNhYzIuaWFtLmdzZXJ2aWNlYWNjb3VudC5jb20iLAogICJ1bml2ZXJzZV9kb21haW4iOiAiZ29vZ2xlYXBpcy5jb20iCn0K",
            "private_key_type": "TYPE_GOOGLE_CREDENTIALS_FILE",
            "public_key": "LS0tLS1CRUdJTiBDRVJUSUZJQ0FURS0tLS0tCk1JSUMvRENDQWVTZ0F3SUJBZ0lJS3h4S2ppanVUS2N3RFFZSktvWklodmNOQVFFRkJRQXdJREVlTUJ3R0ExVUUKQXd3Vk1URXdNRFF6TVRRM01UQXdPRGMwTURnMk5EWTVNQ0FYRFRJMU1URXdOekUyTWpnek0xb1lEems1T1RreApNak14TWpNMU9UVTVXakFnTVI0d0hBWURWUVFEREJVeE1UQXdORE14TkRjeE1EQTROelF3T0RZME5qa3dnZ0VpCk1BMEdDU3FHU0liM0RRRUJBUVVBQTRJQkR3QXdnZ0VLQW9JQkFRRFAvaXFId014YkdseWxiM2dNZmdTZUxxYXgKSEhhWDFEWldSejV5MmdLM29qQTloWVNEeDdaY05OMVhxVk9RWDBvbGpMZ09NMGErUDBsMWZHMUtEVjFCV1pFeAo4UCtYcFQ5cHBocmdhcUhVcDIxaVNMVXpwWTgzRnBYbW8vaEExdDlWVnM5dTR6OGc3SEdiVlpjMFRkcWE3ZkFvCkFhOG14ZDhJdThFTjdSdDJMRmJaVmRyMytCZHJYdUoycnpiVUs5N2NwMXFEc2lvcEYwSW9wSDhwKzVQNVgxY1gKQzZKUnZ3Z2F4WHZlZU1YVkxVbmsvQ0V3cFhZaktmME01djRVSlVmY2dKNDMrNWlkdVNJdEc2K3R3Z1lkSURHdApOc3JiSGRpdkdvRGNPUG1COHhwTGJXRllzTWRqdW4wbU16dGRLTkVURmU5Z3pvdVNQdXFoSXJBYStLWXJBZ01CCkFBR2pPREEyTUF3R0ExVWRFd0VCL3dRQ01BQXdEZ1lEVlIwUEFRSC9CQVFEQWdlQU1CWUdBMVVkSlFFQi93UU0KTUFvR0NDc0dBUVVGQndNQ01BMEdDU3FHU0liM0RRRUJCUVVBQTRJQkFRQ0ZTVmVoNkFITUQ4MUdLWTVtQWI5SAppV0puMUgyL1NWQlFldENSK2Q1QnlUQ3hGcFZmTWpuUUtsQ28xL1p0cVJCaWRuQlp4MlZmY1JjeUExeTNRRzdqCnZkc2RaRjlxMUVRQysyM3hDK0pkZWlCWHFBbFRJZXUwWEFnOThIQ2h6LzFSNythWC9xMzhUL1F2dUozT0FONHIKZ1ZQd3NLaVRxQkE0YURuQTN1YVVsOUpHRGNTMmZZS0czKzcxdWwxbThmcGJBZmtlbzFWaWZ4d0NSYm5KREI1YwprRnRJa0orS281TmZEczk1Vi8zL1N3LzJFNHY5UVBzQlJxb3JJM1U3R0ZZWXBtZW9vTTVsRGFiSHZnSXl2aE1TCnVIdU9NWXVUU2Y0VEVnRndMOGlLOHJwWUFEUlZJK2dhSCtWbG9YcUQxSVBuOXpQSjNiS3FpOUVMcHI3Vjd5aG4KLS0tLS1FTkQgQ0VSVElGSUNBVEUtLS0tLQo=",
            "public_key_data": null,
            "public_key_type": "TYPE_X509_PEM_FILE",
            "service_account_id": "projects/qwiklabs-gcp-02-694fde51cac2/serviceAccounts/cloudsql-proxy@qwiklabs-gcp-02-694fde51cac2.iam.gserviceaccount.com",
            "valid_after": "2025-11-07T16:28:33Z",
            "valid_before": "9999-12-31T23:59:59Z"
          },
          "sensitive_attributes": [
            [
              {
                "type": "get_attr",
                "value": "private_key"
              }
            ]
          ],
          "identity_schema_version": 0,
          "private": "bnVsbA==",
          "dependencies": [
            "module.cloudsql.google_service_account.proxy_sa",
            "module.network.google_compute_firewall.allow_iap_ssh",
            "module.network.google_compute_firewall.allow_redis",
            "module.network.google_compute_global_address.google_managed_services_range",
            "module.network.google_compute_network.vpc",
            "module.network.google_compute_router.router",
            "module.network.google_compute_router_nat.nat",
            "module.network.google_service_networking_connection.private_vpc_connection"
          ]
        }
      ]
    },
    {
      "module": "module.cloudsql",
      "mode": "managed",
      "type": "google_sql_database",
      "name": "database",
      "provider": "provider[\"registry.terraform.io/hashicorp/google\"]",
      "instances": [
        {
          "schema_version": 0,
          "attributes": {
            "charset": "utf8mb4",
            "collation": "utf8mb4_0900_ai_ci",
            "deletion_policy": "DELETE",
            "id": "projects/qwiklabs-gcp-02-694fde51cac2/instances/voteapp-sql/databases/voteapp",
            "instance": "voteapp-sql",
            "name": "voteapp",
            "project": "qwiklabs-gcp-02-694fde51cac2",
            "self_link": "https://sqladmin.googleapis.com/sql/v1beta4/projects/qwiklabs-gcp-02-694fde51cac2/instances/voteapp-sql/databases/voteapp",
            "timeouts": null
          },
          "sensitive_attributes": [],
          "identity_schema_version": 0,
          "private": "eyJlMmJmYjczMC1lY2FhLTExZTYtOGY4OC0zNDM2M2JjN2M0YzAiOnsiY3JlYXRlIjoxMjAwMDAwMDAwMDAwLCJkZWxldGUiOjEyMDAwMDAwMDAwMDAsInVwZGF0ZSI6MTIwMDAwMDAwMDAwMH19",
          "dependencies": [
            "module.cloudsql.google_sql_database_instance.mysql_instance",
            "module.network.google_compute_firewall.allow_iap_ssh",
            "module.network.google_compute_firewall.allow_redis",
            "module.network.google_compute_global_address.google_managed_services_range",
            "module.network.google_compute_network.vpc",
            "module.network.google_compute_router.router",
            "module.network.google_compute_router_nat.nat",
            "module.network.google_service_networking_connection.private_vpc_connection"
          ]
        }
      ]
    },
    {
      "module": "module.cloudsql",
      "mode": "managed",
      "type": "google_sql_database_instance",
      "name": "mysql_instance",
      "provider": "provider[\"registry.terraform.io/hashicorp/google\"]",
      "instances": [
        {
          "schema_version": 0,
          "attributes": {
            "available_maintenance_versions": [],
            "backupdr_backup": null,
            "clone": [],
            "connection_name": "qwiklabs-gcp-02-694fde51cac2:us-east1:voteapp-sql",
            "database_version": "MYSQL_8_0",
            "deletion_protection": false,
            "dns_name": "",
            "dns_names": [],
            "encryption_key_name": null,
            "final_backup_description": null,
            "first_ip_address": "10.50.1.3",
            "id": "voteapp-sql",
            "instance_type": "CLOUD_SQL_INSTANCE",
            "ip_address": [
              {
                "ip_address": "10.50.1.3",
                "time_to_retire": "",
                "type": "PRIVATE"
              }
            ],
            "maintenance_version": "MYSQL_8_0_41.R20251004.01_07",
            "master_instance_name": "",
            "name": "voteapp-sql",
            "node_count": 0,
            "point_in_time_restore_context": [],
            "private_ip_address": "10.50.1.3",
            "project": "qwiklabs-gcp-02-694fde51cac2",
            "psc_service_attachment_link": "",
            "public_ip_address": "",
            "region": "us-east1",
            "replica_configuration": [],
            "replica_names": [],
            "replication_cluster": [
              {
                "dr_replica": false,
                "failover_dr_replica_name": "",
                "psa_write_endpoint": ""
              }
            ],
            "restore_backup_context": [],
            "root_password": null,
            "self_link": "https://sqladmin.googleapis.com/sql/v1beta4/projects/qwiklabs-gcp-02-694fde51cac2/instances/voteapp-sql",
            "server_ca_cert": [
              {
                "cert": "-----BEGIN CERTIFICATE-----\nMIIDfzCCAmegAwIBAgIBADANBgkqhkiG9w0BAQsFADB3MS0wKwYDVQQuEyQ1YjQw\nOWEyNi0yZWFhLTRmMTQtYWYxNy1kOGE5NTNkYmZjZTYxIzAhBgNVBAMTGkdvb2ds\nZSBDbG91ZCBTUUwgU2VydmVyIENBMRQwEgYDVQQKEwtHb29nbGUsIEluYzELMAkG\nA1UEBhMCVVMwHhcNMjUxMTA3MTYzMDMxWhcNMzUxMTA1MTYzMTMxWjB3MS0wKwYD\nVQQuEyQ1YjQwOWEyNi0yZWFhLTRmMTQtYWYxNy1kOGE5NTNkYmZjZTYxIzAhBgNV\nBAMTGkdvb2dsZSBDbG91ZCBTUUwgU2VydmVyIENBMRQwEgYDVQQKEwtHb29nbGUs\nIEluYzELMAkGA1UEBhMCVVMwggEiMA0GCSqGSIb3DQEBAQUAA4IBDwAwggEKAoIB\nAQCvKlXaBRonIitTJcz6ar4N6lLKc1fi00x/5WiayMEcaNF7W5lqrdil5rbQ2hm6\nVYed4PjF22HoWfj+fwu2W/uMRytUXY+NuuvY/30uEdi77drCImT7Ng/BnCv4UDvW\ndTB5jE1Ckl4Zp7R2rqFNBcn2sV1WxF8AYF+AcKNc27006CyiNarJxdLxbSbasj9s\nJAjb8gOGbxNmMsYbNK6N+ydw0/56O/XyI23ceHF9bpI8YfO3GbRfmsBP1LCctv1q\nwLo7xvldnh//tc3L2STuI5G9JG9z4ZuY5VbmGFmjTVCg4rfOqMxr7kqlqH3aEfbc\nupTev/ozwY+EdF+1D4rU5X8vAgMBAAGjFjAUMBIGA1UdEwEB/wQIMAYBAf8CAQAw\nDQYJKoZIhvcNAQELBQADggEBADD92WWxyGaPtEwIPhwSQM5/whJ1VgNmridrN9kv\nvvNMnLUOiQDad1NTR32YiNBFNvcqYlsBa4hOKc4cEpN4/0oe07Vjcziz++r0TPXI\nNXFZjo0q6WhE9Fbs9UKDxCp3b6pzba6YMRoIneMUwhFi1LvvEXZP9BQqo94LIUU9\nEsE32q26JiyR4zaZBzNOQpPTXzEdK975JStPaUktNFeNBD/g2f8FwWUjm8HR7OU2\nMpg6Q+oM2SM6p1HxvwlbMKNJOvHvvyezy626oa18BIY8/s38tuGxalFe7TL5uxc4\nEDbueBVF7KG3ZkYRgHBLzTJzqH+R5pQ+t38PxcY7MGs+Alg=\n-----END CERTIFICATE-----",
                "common_name": "C=US,O=Google\\, Inc,CN=Google Cloud SQL Server CA,dnQualifier=5b409a26-2eaa-4f14-af17-d8a953dbfce6",
                "create_time": "2025-11-07T16:30:31.515Z",
                "expiration_time": "2035-11-05T16:31:31.515Z",
                "sha1_fingerprint": "42e75a03de09dc4ef4a04dd958624b2d932a5d20"
              }
            ],
            "service_account_email_address": "p175743709249-ndprrz@gcp-sa-cloud-sql.iam.gserviceaccount.com",
            "settings": [
              {
                "activation_policy": "ALWAYS",
                "active_directory_config": [],
                "advanced_machine_features": [],
                "availability_type": "ZONAL",
                "backup_configuration": [
                  {
                    "backup_retention_settings": [
                      {
                        "retained_backups": 7,
                        "retention_unit": "COUNT"
                      }
                    ],
                    "binary_log_enabled": false,
                    "enabled": false,
                    "location": "",
                    "point_in_time_recovery_enabled": false,
                    "start_time": "18:00",
                    "transaction_log_retention_days": 7
                  }
                ],
                "collation": "",
                "connection_pool_config": [],
                "connector_enforcement": "NOT_REQUIRED",
                "data_cache_config": [
                  {
                    "data_cache_enabled": false
                  }
                ],
                "database_flags": [],
                "deletion_protection_enabled": false,
                "deny_maintenance_period": [],
                "disk_autoresize": true,
                "disk_autoresize_limit": 0,
                "disk_size": 10,
                "disk_type": "PD_SSD",
                "edition": "ENTERPRISE",
                "effective_availability_type": "ZONAL",
                "enable_dataplex_integration": false,
                "enable_google_ml_integration": false,
                "final_backup_config": [],
                "insights_config": [],
                "ip_configuration": [
                  {
                    "allocated_ip_range": "",
                    "authorized_networks": [],
                    "custom_subject_alternative_names": [],
                    "enable_private_path_for_google_cloud_services": false,
                    "ipv4_enabled": false,
                    "private_network": "projects/qwiklabs-gcp-02-694fde51cac2/global/networks/vote-app-vpc",
                    "psc_config": [],
                    "server_ca_mode": "GOOGLE_MANAGED_INTERNAL_CA",
                    "server_ca_pool": "",
                    "ssl_mode": "ALLOW_UNENCRYPTED_AND_ENCRYPTED"
                  }
                ],
                "location_preference": [
                  {
                    "follow_gae_application": "",
                    "secondary_zone": "",
                    "zone": "us-east1-d"
                  }
                ],
                "maintenance_window": [],
                "password_validation_policy": [],
                "pricing_plan": "PER_USE",
                "read_pool_auto_scale_config": [
                  {
                    "disable_scale_in": false,
                    "enabled": false,
                    "max_node_count": 0,
                    "min_node_count": 0,
                    "scale_in_cooldown_seconds": 0,
                    "scale_out_cooldown_seconds": 0,
                    "target_metrics": []
                  }
                ],
                "retain_backups_on_delete": false,
                "sql_server_audit_config": [],
                "tier": "db-custom-1-3840",
                "time_zone": "",
                "user_labels": {},
                "version": 2
              }
            ],
            "timeouts": null
          },
          "sensitive_attributes": [
            [
              {
                "type": "get_attr",
                "value": "root_password"
              }
            ],
            [
              {
                "type": "get_attr",
                "value": "server_ca_cert"
              }
            ]
          ],
          "identity_schema_version": 0,
          "private": "eyJlMmJmYjczMC1lY2FhLTExZTYtOGY4OC0zNDM2M2JjN2M0YzAiOnsiY3JlYXRlIjo1NDAwMDAwMDAwMDAwLCJkZWxldGUiOjU0MDAwMDAwMDAwMDAsInVwZGF0ZSI6NTQwMDAwMDAwMDAwMH19",
          "dependencies": [
            "module.network.google_compute_firewall.allow_iap_ssh",
            "module.network.google_compute_firewall.allow_redis",
            "module.network.google_compute_global_address.google_managed_services_range",
            "module.network.google_compute_network.vpc",
            "module.network.google_compute_router.router",
            "module.network.google_compute_router_nat.nat",
            "module.network.google_service_networking_connection.private_vpc_connection"
          ]
        }
      ]
    },
    {
      "module": "module.cloudsql",
      "mode": "managed",
      "type": "google_sql_user",
      "name": "app_user",
      "provider": "provider[\"registry.terraform.io/hashicorp/google\"]",
      "instances": [
        {
          "schema_version": 1,
          "attributes": {
            "deletion_policy": null,
            "host": "",
            "id": "voteuser//voteapp-sql",
            "instance": "voteapp-sql",
            "name": "voteuser",
            "password": "rootpass",
            "password_policy": [],
            "password_wo": null,
            "password_wo_version": null,
            "project": "qwiklabs-gcp-02-694fde51cac2",
            "sql_server_user_details": [],
            "timeouts": null,
            "type": ""
          },
          "sensitive_attributes": [
            [
              {
                "type": "get_attr",
                "value": "password"
              }
            ]
          ],
          "identity_schema_version": 0,
          "private": "eyJlMmJmYjczMC1lY2FhLTExZTYtOGY4OC0zNDM2M2JjN2M0YzAiOnsiY3JlYXRlIjo2MDAwMDAwMDAwMDAsImRlbGV0ZSI6NjAwMDAwMDAwMDAwLCJ1cGRhdGUiOjYwMDAwMDAwMDAwMH0sInNjaGVtYV92ZXJzaW9uIjoiMSJ9",
          "dependencies": [
            "module.cloudsql.google_sql_database_instance.mysql_instance",
            "module.network.google_compute_firewall.allow_iap_ssh",
            "module.network.google_compute_firewall.allow_redis",
            "module.network.google_compute_global_address.google_managed_services_range",
            "module.network.google_compute_network.vpc",
            "module.network.google_compute_router.router",
            "module.network.google_compute_router_nat.nat",
            "module.network.google_service_networking_connection.private_vpc_connection"
          ]
        }
      ]
    },
    {
      "module": "module.iam",
      "mode": "managed",
      "type": "google_service_account",
      "name": "eso_sa",
      "provider": "provider[\"registry.terraform.io/hashicorp/google\"]",
      "instances": [
        {
          "schema_version": 0,
          "attributes": {
            "account_id": "eso-sa",
            "create_ignore_already_exists": null,
            "description": "",
            "disabled": false,
            "display_name": "ESO Service Account",
            "email": "eso-sa@qwiklabs-gcp-02-694fde51cac2.iam.gserviceaccount.com",
            "id": "projects/qwiklabs-gcp-02-694fde51cac2/serviceAccounts/eso-sa@qwiklabs-gcp-02-694fde51cac2.iam.gserviceaccount.com",
            "member": "serviceAccount:eso-sa@qwiklabs-gcp-02-694fde51cac2.iam.gserviceaccount.com",
            "name": "projects/qwiklabs-gcp-02-694fde51cac2/serviceAccounts/eso-sa@qwiklabs-gcp-02-694fde51cac2.iam.gserviceaccount.com",
            "project": "qwiklabs-gcp-02-694fde51cac2",
            "timeouts": null,
            "unique_id": "102033759777100765590"
          },
          "sensitive_attributes": [],
          "identity_schema_version": 0,
          "private": "eyJlMmJmYjczMC1lY2FhLTExZTYtOGY4OC0zNDM2M2JjN2M0YzAiOnsiY3JlYXRlIjozMDAwMDAwMDAwMDB9fQ==",
          "dependencies": [
            "module.api.google_project_service.enabled"
          ]
        }
      ]
    },
    {
      "module": "module.iam",
      "mode": "managed",
      "type": "google_service_account_key",
      "name": "eso_key",
      "provider": "provider[\"registry.terraform.io/hashicorp/google\"]",
      "instances": [
        {
          "schema_version": 0,
          "attributes": {
            "id": "projects/qwiklabs-gcp-02-694fde51cac2/serviceAccounts/eso-sa@qwiklabs-gcp-02-694fde51cac2.iam.gserviceaccount.com/keys/9e87c06a537f6abdd2abf8c5018e76a592f07f56",
            "keepers": null,
            "key_algorithm": "KEY_ALG_RSA_2048",
            "name": "projects/qwiklabs-gcp-02-694fde51cac2/serviceAccounts/eso-sa@qwiklabs-gcp-02-694fde51cac2.iam.gserviceaccount.com/keys/9e87c06a537f6abdd2abf8c5018e76a592f07f56",
            "private_key": "ewogICJ0eXBlIjogInNlcnZpY2VfYWNjb3VudCIsCiAgInByb2plY3RfaWQiOiAicXdpa2xhYnMtZ2NwLTAyLTY5NGZkZTUxY2FjMiIsCiAgInByaXZhdGVfa2V5X2lkIjogIjllODdjMDZhNTM3ZjZhYmRkMmFiZjhjNTAxOGU3NmE1OTJmMDdmNTYiLAogICJwcml2YXRlX2tleSI6ICItLS0tLUJFR0lOIFBSSVZBVEUgS0VZLS0tLS1cbk1JSUV2UUlCQURBTkJna3Foa2lHOXcwQkFRRUZBQVNDQktjd2dnU2pBZ0VBQW9JQkFRQ3hpSXNEUk95bmFScWxcbjBKQ2p4UjkyVmtKWE9IOUZkaVo2QWZ2eG1STmZZNENkZlRNYVBHVC9QR0k2ZjBMV2tCMmpCb09QRmkwVzEzVHpcbm9oNExpdFZKd1Y5b01rRW9CM3NaSFlBcUE2cERYRXVjdmV6emFvT2xkRFlvVlR2a09BaWJ0SVU1V0dZZ3hWYmNcbmNBWGhudmZXcldJOFMvblpIVTZoZjJ3VEx3eFlvakRqRE9Gb1ZvdmpIZ1R0VEdoYTZOaTY4eFpldkt2dkk1bnhcblNpM2hRampTVEZWdjVsVmF0WHl6L1JCTVkvRnFabUhVakhkK2dqODhRWksvVlErTUpKc0gxUHpkZ0VDY0ZTYmVcbkY3QkZZa3FJZWdsTC80R202c25xNTMxVHZubGVSRzJhUlNOQnd0L05YT29NQ1J5eUE2SUtVZkM4MWFObm9kb0ZcblhRaGliTmVwQWdNQkFBRUNnZ0VBQjUvTURJZGt2R25NbmF0ZjB0Q3Y0YmFob2JwSTZQUkNnY0hkRG9xYTVPRlNcbmtERGt4VzhyalRTTUtXUDJ2RjB6RUtIQ2U1NGhzSlh2TFZsY2ZmVm41SU43OCs4WWtqNEVBTmVkL2UvclczbzJcbnV4UUMvWThvK1MyTTk5MTFOWDljaTBkTTQySVMvTHhNMXltdWJ2cVRQVEowQWcvbk9uWkNQcmhJcldnN1dRRUhcbjFWZ3lDd0NpY3ROa0FIK25HcVc5Z2ZRbGxqeGdPUnFRRmNraXFrY25Lc1ZBdjZ2WE82ZFhlZDkwcTdLUnZwbVJcbkpibjVqRDQzOFJZdS9KWnM4WmplMXFzVnpjenhhN0dXT2JCejg2Nzd0UDhjOVBNVXNEaGt6b1A1REpuaWhDRE9cblBQdDBzMDd5TEZOQU85Qzk5bU15NGY1cFJTdkZBaFRlMTdlOGpyWENBUUtCZ1FEWVIvRUl5b2VmZ0M4Ni9laDhcbmFsUHRiRFQvV2FLVnk4Vit2dGdBM1c4dGZ0NnMrdURRemRIdUo2UkJqZUZ6anhZLyt3MWVQS0d2d0tsOXpXRFZcbm1VeWhVV1JOUlprenJUUjlmeW1OdlZZaVZwclNQcWlUdStBdnQreXdhWkwzQjZJSHg4TzBTbmlSNlBLekwzYU9cbnZyUk92TGtzZkU1VjJ0c1k3cDkyZzN5N0tRS0JnUURTSXZPRVIrSDd3d3RHTVhUM2duSkFEL2ZBMlN3OGVvWS9cbkx6NFB4NndxTm9MWmNkUjBjNHpvY0xPM043djdhSDhMT0U4QXJkSE8vU2JWUUF5Ti9jYUVkd0VWWXAvYktyb2FcblhFYTI5alAxL1BOMUZGY0IvZ3RJTll2cTFVRjI5N0RmUlJndDBQdmE1Ykg1ZFpDMXh5NUlnZE02Y2FSWStvY1hcblExa1ZDVmRJZ1FLQmdHc3ZaQjNtT1VacndYeHIzeTdoaHd4d0J1ZlJwVWkxZnYvc1ZxSS9HMTBodGZ0bUxjcHRcblppK3Z4N0NSUHYwRkdaTEZ1WDlOYnhmcDFGVzdWZFVscnh0M2VjenR4Qm9mS1pkVVVPU2t3NjRxMjNsOGdoRU5cbkYvS3VKUWZjbW5BQWdXVjNzOTZDMWJRQ0RWMk9GU1J6RUdyQkRzZ2tKckpYenlOUkJ3ZzE2N2ZaQW9HQUtLM3BcbmRHOHgrVG45NGIzTFJlcnowU0VHTmtnVWZ6Uzg3bGhuN0VnY05TUE9XdWZsV0JIU2NtRDIrWDRKbnhiUW1VeHlcblJ0QmZjSEdqWmQ3N1R6V1VpNm82QkhqT04zQmpESjFXZHk3Y1NqK0lwZDZsSlZhWHVvZmJLVC9WWjRGMXRSTThcbkpncHg1eU5XTzlPZGl3TWZHNXcrVnU4UEFNYW5Ca0xjYU8wZy80RUNnWUVBanFmVGlUMWdKTlBhRjhTTGpxN0dcbnM4dHhFWWd0ZDJha2JFTnlvQTl2c2FjZW8vVlEvZTRDejJwN05DeXZXLzNmaFFrS2RVbXQ5eDlROXZJalMrMUdcbnRWcUdhbXJCeGF6WjhCZFJ0Nlk1cWMreTBSUWlIR0Q4blQ3eXZGNmoxTXRxRXprcmhpZ3NidUNLV2xPZnJiODZcbnhSeGM1a3dxT1RMSUlGWFJVM1VUSVNZPVxuLS0tLS1FTkQgUFJJVkFURSBLRVktLS0tLVxuIiwKICAiY2xpZW50X2VtYWlsIjogImVzby1zYUBxd2lrbGFicy1nY3AtMDItNjk0ZmRlNTFjYWMyLmlhbS5nc2VydmljZWFjY291bnQuY29tIiwKICAiY2xpZW50X2lkIjogIjEwMjAzMzc1OTc3NzEwMDc2NTU5MCIsCiAgImF1dGhfdXJpIjogImh0dHBzOi8vYWNjb3VudHMuZ29vZ2xlLmNvbS9vL29hdXRoMi9hdXRoIiwKICAidG9rZW5fdXJpIjogImh0dHBzOi8vb2F1dGgyLmdvb2dsZWFwaXMuY29tL3Rva2VuIiwKICAiYXV0aF9wcm92aWRlcl94NTA5X2NlcnRfdXJsIjogImh0dHBzOi8vd3d3Lmdvb2dsZWFwaXMuY29tL29hdXRoMi92MS9jZXJ0cyIsCiAgImNsaWVudF94NTA5X2NlcnRfdXJsIjogImh0dHBzOi8vd3d3Lmdvb2dsZWFwaXMuY29tL3JvYm90L3YxL21ldGFkYXRhL3g1MDkvZXNvLXNhJTQwcXdpa2xhYnMtZ2NwLTAyLTY5NGZkZTUxY2FjMi5pYW0uZ3NlcnZpY2VhY2NvdW50LmNvbSIsCiAgInVuaXZlcnNlX2RvbWFpbiI6ICJnb29nbGVhcGlzLmNvbSIKfQo=",
            "private_key_type": "TYPE_GOOGLE_CREDENTIALS_FILE",
            "public_key": "LS0tLS1CRUdJTiBDRVJUSUZJQ0FURS0tLS0tCk1JSUMvRENDQWVTZ0F3SUJBZ0lJTWE5K3ZMcVhCYUV3RFFZSktvWklodmNOQVFFRkJRQXdJREVlTUJ3R0ExVUUKQXd3Vk1UQXlNRE16TnpVNU56YzNNVEF3TnpZMU5Ua3dNQ0FYRFRJMU1URXdOekUyTURZeE1Gb1lEems1T1RreApNak14TWpNMU9UVTVXakFnTVI0d0hBWURWUVFEREJVeE1ESXdNek0zTlRrM056Y3hNREEzTmpVMU9UQXdnZ0VpCk1BMEdDU3FHU0liM0RRRUJBUVVBQTRJQkR3QXdnZ0VLQW9JQkFRQ3hpSXNEUk95bmFScWwwSkNqeFI5MlZrSlgKT0g5RmRpWjZBZnZ4bVJOZlk0Q2RmVE1hUEdUL1BHSTZmMExXa0IyakJvT1BGaTBXMTNUem9oNExpdFZKd1Y5bwpNa0VvQjNzWkhZQXFBNnBEWEV1Y3Zlenphb09sZERZb1ZUdmtPQWlidElVNVdHWWd4VmJjY0FYaG52ZldyV0k4ClMvblpIVTZoZjJ3VEx3eFlvakRqRE9Gb1ZvdmpIZ1R0VEdoYTZOaTY4eFpldkt2dkk1bnhTaTNoUWpqU1RGVnYKNWxWYXRYeXovUkJNWS9GcVptSFVqSGQrZ2o4OFFaSy9WUStNSkpzSDFQemRnRUNjRlNiZUY3QkZZa3FJZWdsTAovNEdtNnNucTUzMVR2bmxlUkcyYVJTTkJ3dC9OWE9vTUNSeXlBNklLVWZDODFhTm5vZG9GWFFoaWJOZXBBZ01CCkFBR2pPREEyTUF3R0ExVWRFd0VCL3dRQ01BQXdEZ1lEVlIwUEFRSC9CQVFEQWdlQU1CWUdBMVVkSlFFQi93UU0KTUFvR0NDc0dBUVVGQndNQ01BMEdDU3FHU0liM0RRRUJCUVVBQTRJQkFRQ0tnMHFwTDdPcUIrNzlNQ2RwS1Y5MwpkdE5FYWFNRE1scUs4Nk9oU25TQ0dqelZwdGo0ZEhITzlnMjdBVG1QQTBwWVNrcU5EajRjL1QwelVyTEpiNmdoClZhYnFzdkozYXlXRUtxVFYyNlpySW02d1NJZysxQzdHSmZoVGkvOGpqQ0FKMnFhTHVoUjJjdXJIYTZrYW54ZzEKL2oxZjkvdHRjNWlpNUI3U3lsY1VuYmxMYkN2V1YyR1ZTT0RBRWhXb2xlVFduUElndTFKdTN6WXJYdzlkT3d1VwoyMnBrQjErZjkveUdMbEhoWXB3aVpqeEp1TUlUNHRsU3FFWUZyQlpoeTgwVGNUQTErLzlxcGRPMjA0QlRSd0puCmZkYytBK2RzYzM5VnNJRzFKVTZBNy9BaG5oVXlDVzVxbDc4OTdwRWZZdklHMUNSbTlQZ1FsN2lUOGQ1N0pKNkQKLS0tLS1FTkQgQ0VSVElGSUNBVEUtLS0tLQo=",
            "public_key_data": null,
            "public_key_type": "TYPE_X509_PEM_FILE",
            "service_account_id": "projects/qwiklabs-gcp-02-694fde51cac2/serviceAccounts/eso-sa@qwiklabs-gcp-02-694fde51cac2.iam.gserviceaccount.com",
            "valid_after": "2025-11-07T16:06:10Z",
            "valid_before": "9999-12-31T23:59:59Z"
          },
          "sensitive_attributes": [
            [
              {
                "type": "get_attr",
                "value": "private_key"
              }
            ]
          ],
          "identity_schema_version": 0,
          "private": "bnVsbA==",
          "dependencies": [
            "module.api.google_project_service.enabled",
            "module.iam.google_service_account.eso_sa"
          ]
        }
      ]
    },
    {
      "module": "module.network",
      "mode": "managed",
      "type": "google_compute_firewall",
      "name": "allow_iap_ssh",
      "provider": "provider[\"registry.terraform.io/hashicorp/google\"]",
      "instances": [
        {
          "schema_version": 1,
          "attributes": {
            "allow": [
              {
                "ports": [
                  "22"
                ],
                "protocol": "tcp"
              }
            ],
            "creation_timestamp": "2025-11-07T08:06:06.519-08:00",
            "deny": [],
            "description": "",
            "destination_ranges": [],
            "direction": "INGRESS",
            "disabled": false,
            "enable_logging": null,
            "id": "projects/qwiklabs-gcp-02-694fde51cac2/global/firewalls/allow-iap-ssh",
            "log_config": [],
            "name": "allow-iap-ssh",
            "network": "https://www.googleapis.com/compute/v1/projects/qwiklabs-gcp-02-694fde51cac2/global/networks/vote-app-vpc",
            "params": [],
            "priority": 1000,
            "project": "qwiklabs-gcp-02-694fde51cac2",
            "self_link": "https://www.googleapis.com/compute/v1/projects/qwiklabs-gcp-02-694fde51cac2/global/firewalls/allow-iap-ssh",
            "source_ranges": [
              "35.235.240.0/20"
            ],
            "source_service_accounts": [],
            "source_tags": [],
            "target_service_accounts": [],
            "target_tags": [
              "redis-proxy"
            ],
            "timeouts": null
          },
          "sensitive_attributes": [],
          "identity_schema_version": 0,
          "private": "eyJlMmJmYjczMC1lY2FhLTExZTYtOGY4OC0zNDM2M2JjN2M0YzAiOnsiY3JlYXRlIjoxMjAwMDAwMDAwMDAwLCJkZWxldGUiOjEyMDAwMDAwMDAwMDAsInVwZGF0ZSI6MTIwMDAwMDAwMDAwMH0sInNjaGVtYV92ZXJzaW9uIjoiMSJ9",
          "dependencies": [
            "module.network.google_compute_network.vpc"
          ]
        }
      ]
    },
    {
      "module": "module.network",
      "mode": "managed",
      "type": "google_compute_firewall",
      "name": "allow_redis",
      "provider": "provider[\"registry.terraform.io/hashicorp/google\"]",
      "instances": [
        {
          "schema_version": 1,
          "attributes": {
            "allow": [
              {
                "ports": [
                  "6379"
                ],
                "protocol": "tcp"
              }
            ],
            "creation_timestamp": "2025-11-07T08:06:06.710-08:00",
            "deny": [],
            "description": "",
            "destination_ranges": [],
            "direction": "INGRESS",
            "disabled": false,
            "enable_logging": null,
            "id": "projects/qwiklabs-gcp-02-694fde51cac2/global/firewalls/allow-redis-proxy-6379",
            "log_config": [],
            "name": "allow-redis-proxy-6379",
            "network": "https://www.googleapis.com/compute/v1/projects/qwiklabs-gcp-02-694fde51cac2/global/networks/vote-app-vpc",
            "params": [],
            "priority": 1000,
            "project": "qwiklabs-gcp-02-694fde51cac2",
            "self_link": "https://www.googleapis.com/compute/v1/projects/qwiklabs-gcp-02-694fde51cac2/global/firewalls/allow-redis-proxy-6379",
            "source_ranges": [
              "0.0.0.0/0"
            ],
            "source_service_accounts": [],
            "source_tags": [],
            "target_service_accounts": [],
            "target_tags": [
              "redis-proxy"
            ],
            "timeouts": null
          },
          "sensitive_attributes": [],
          "identity_schema_version": 0,
          "private": "eyJlMmJmYjczMC1lY2FhLTExZTYtOGY4OC0zNDM2M2JjN2M0YzAiOnsiY3JlYXRlIjoxMjAwMDAwMDAwMDAwLCJkZWxldGUiOjEyMDAwMDAwMDAwMDAsInVwZGF0ZSI6MTIwMDAwMDAwMDAwMH0sInNjaGVtYV92ZXJzaW9uIjoiMSJ9",
          "dependencies": [
            "module.network.google_compute_network.vpc"
          ]
        }
      ]
    },
    {
      "module": "module.network",
      "mode": "managed",
      "type": "google_compute_global_address",
      "name": "google_managed_services_range",
      "provider": "provider[\"registry.terraform.io/hashicorp/google\"]",
      "instances": [
        {
          "schema_version": 0,
          "attributes": {
            "address": "10.50.0.0",
            "address_type": "INTERNAL",
            "creation_timestamp": "2025-11-07T08:24:17.738-08:00",
            "description": "",
            "effective_labels": {
              "goog-terraform-provisioned": "true"
            },
            "id": "projects/qwiklabs-gcp-02-694fde51cac2/global/addresses/google-managed-services-range",
            "ip_version": "",
            "label_fingerprint": "vezUS-42LLM=",
            "labels": {},
            "name": "google-managed-services-range",
            "network": "https://www.googleapis.com/compute/v1/projects/qwiklabs-gcp-02-694fde51cac2/global/networks/vote-app-vpc",
            "prefix_length": 20,
            "project": "qwiklabs-gcp-02-694fde51cac2",
            "purpose": "VPC_PEERING",
            "self_link": "https://www.googleapis.com/compute/v1/projects/qwiklabs-gcp-02-694fde51cac2/global/addresses/google-managed-services-range",
            "terraform_labels": {
              "goog-terraform-provisioned": "true"
            },
            "timeouts": null
          },
          "sensitive_attributes": [],
          "identity_schema_version": 0,
          "private": "eyJlMmJmYjczMC1lY2FhLTExZTYtOGY4OC0zNDM2M2JjN2M0YzAiOnsiY3JlYXRlIjoxMjAwMDAwMDAwMDAwLCJkZWxldGUiOjEyMDAwMDAwMDAwMDAsInVwZGF0ZSI6MTIwMDAwMDAwMDAwMH19",
          "dependencies": [
            "module.network.google_compute_network.vpc"
          ]
        }
      ]
    },
    {
      "module": "module.network",
      "mode": "managed",
      "type": "google_compute_network",
      "name": "vpc",
      "provider": "provider[\"registry.terraform.io/hashicorp/google\"]",
      "instances": [
        {
          "schema_version": 0,
          "attributes": {
            "auto_create_subnetworks": true,
            "bgp_always_compare_med": false,
            "bgp_best_path_selection_mode": "LEGACY",
            "bgp_inter_region_cost": "",
            "delete_default_routes_on_create": false,
            "description": "",
            "enable_ula_internal_ipv6": false,
            "gateway_ipv4": "",
            "id": "projects/qwiklabs-gcp-02-694fde51cac2/global/networks/vote-app-vpc",
            "internal_ipv6_range": "",
            "mtu": 0,
            "name": "vote-app-vpc",
            "network_firewall_policy_enforcement_order": "AFTER_CLASSIC_FIREWALL",
            "network_id": "4016687911182509607",
            "network_profile": "",
            "numeric_id": "4016687911182509607",
            "params": [],
            "project": "qwiklabs-gcp-02-694fde51cac2",
            "routing_mode": "REGIONAL",
            "self_link": "https://www.googleapis.com/compute/v1/projects/qwiklabs-gcp-02-694fde51cac2/global/networks/vote-app-vpc",
            "timeouts": null
          },
          "sensitive_attributes": [],
          "identity_schema_version": 0,
          "private": "eyJlMmJmYjczMC1lY2FhLTExZTYtOGY4OC0zNDM2M2JjN2M0YzAiOnsiY3JlYXRlIjoxMjAwMDAwMDAwMDAwLCJkZWxldGUiOjEyMDAwMDAwMDAwMDAsInVwZGF0ZSI6MTIwMDAwMDAwMDAwMH19"
        }
      ]
    },
    {
      "module": "module.network",
      "mode": "managed",
      "type": "google_compute_router",
      "name": "router",
      "provider": "provider[\"registry.terraform.io/hashicorp/google\"]",
      "instances": [
        {
          "schema_version": 0,
          "attributes": {
            "bgp": [],
            "creation_timestamp": "2025-11-07T08:06:08.010-08:00",
            "description": "",
            "encrypted_interconnect_router": false,
            "id": "projects/qwiklabs-gcp-02-694fde51cac2/regions/us-east1/routers/default-router",
            "md5_authentication_keys": [],
            "name": "default-router",
            "network": "https://www.googleapis.com/compute/v1/projects/qwiklabs-gcp-02-694fde51cac2/global/networks/vote-app-vpc",
            "params": [],
            "project": "qwiklabs-gcp-02-694fde51cac2",
            "region": "us-east1",
            "self_link": "https://www.googleapis.com/compute/v1/projects/qwiklabs-gcp-02-694fde51cac2/regions/us-east1/routers/default-router",
            "timeouts": null
          },
          "sensitive_attributes": [],
          "identity_schema_version": 0,
          "private": "eyJlMmJmYjczMC1lY2FhLTExZTYtOGY4OC0zNDM2M2JjN2M0YzAiOnsiY3JlYXRlIjoxMjAwMDAwMDAwMDAwLCJkZWxldGUiOjEyMDAwMDAwMDAwMDAsInVwZGF0ZSI6MTIwMDAwMDAwMDAwMH19",
          "dependencies": [
            "module.network.google_compute_network.vpc"
          ]
        }
      ]
    },
    {
      "module": "module.network",
      "mode": "managed",
      "type": "google_compute_router_nat",
      "name": "nat",
      "provider": "provider[\"registry.terraform.io/hashicorp/google\"]",
      "instances": [
        {
          "schema_version": 0,
          "attributes": {
            "auto_network_tier": null,
            "drain_nat_ips": [],
            "enable_dynamic_port_allocation": false,
            "enable_endpoint_independent_mapping": false,
            "endpoint_types": [
              "ENDPOINT_TYPE_VM"
            ],
            "icmp_idle_timeout_sec": 30,
            "id": "qwiklabs-gcp-02-694fde51cac2/us-east1/default-router/default-nat",
            "initial_nat_ips": null,
            "log_config": [],
            "max_ports_per_vm": 0,
            "min_ports_per_vm": 0,
            "name": "default-nat",
            "nat64_subnetwork": [],
            "nat_ip_allocate_option": "AUTO_ONLY",
            "nat_ips": [],
            "project": "qwiklabs-gcp-02-694fde51cac2",
            "region": "us-east1",
            "router": "default-router",
            "rules": [],
            "source_subnetwork_ip_ranges_to_nat": "ALL_SUBNETWORKS_ALL_IP_RANGES",
            "source_subnetwork_ip_ranges_to_nat64": "",
            "subnetwork": [],
            "tcp_established_idle_timeout_sec": 1200,
            "tcp_time_wait_timeout_sec": 120,
            "tcp_transitory_idle_timeout_sec": 30,
            "timeouts": null,
            "type": "PUBLIC",
            "udp_idle_timeout_sec": 30
          },
          "sensitive_attributes": [],
          "identity_schema_version": 0,
          "private": "eyJlMmJmYjczMC1lY2FhLTExZTYtOGY4OC0zNDM2M2JjN2M0YzAiOnsiY3JlYXRlIjoxMjAwMDAwMDAwMDAwLCJkZWxldGUiOjEyMDAwMDAwMDAwMDAsInVwZGF0ZSI6MTIwMDAwMDAwMDAwMH19",
          "dependencies": [
            "module.network.google_compute_network.vpc",
            "module.network.google_compute_router.router"
          ]
        }
      ]
    },
    {
      "module": "module.network",
      "mode": "managed",
      "type": "google_service_networking_connection",
      "name": "private_vpc_connection",
      "provider": "provider[\"registry.terraform.io/hashicorp/google\"]",
      "instances": [
        {
          "schema_version": 0,
          "attributes": {
            "deletion_policy": null,
            "id": "https%3A%2F%2Fwww.googleapis.com%2Fcompute%2Fv1%2Fprojects%2Fqwiklabs-gcp-02-694fde51cac2%2Fglobal%2Fnetworks%2Fvote-app-vpc:servicenetworking.googleapis.com",
            "network": "https://www.googleapis.com/compute/v1/projects/qwiklabs-gcp-02-694fde51cac2/global/networks/vote-app-vpc",
            "peering": "servicenetworking-googleapis-com",
            "reserved_peering_ranges": [
              "google-managed-services-range"
            ],
            "service": "servicenetworking.googleapis.com",
            "timeouts": null,
            "update_on_creation_fail": null
          },
          "sensitive_attributes": [],
          "identity_schema_version": 0,
          "private": "eyJlMmJmYjczMC1lY2FhLTExZTYtOGY4OC0zNDM2M2JjN2M0YzAiOnsiY3JlYXRlIjo2MDAwMDAwMDAwMDAsImRlbGV0ZSI6NjAwMDAwMDAwMDAwLCJ1cGRhdGUiOjYwMDAwMDAwMDAwMH19",
          "dependencies": [
            "module.network.google_compute_global_address.google_managed_services_range",
            "module.network.google_compute_network.vpc"
          ]
        }
      ]
    },
    {
      "module": "module.redis",
      "mode": "managed",
      "type": "google_redis_instance",
      "name": "redis",
      "provider": "provider[\"registry.terraform.io/hashicorp/google\"]",
      "instances": [
        {
          "schema_version": 0,
          "attributes": {
            "alternative_location_id": "us-east1-b",
            "auth_enabled": false,
            "auth_string": "",
            "authorized_network": "projects/qwiklabs-gcp-02-694fde51cac2/global/networks/vote-app-vpc",
            "connect_mode": "PRIVATE_SERVICE_ACCESS",
            "create_time": "2025-11-07T16:28:21.608448520Z",
            "current_location_id": "us-east1-b",
            "customer_managed_key": "",
            "deletion_protection": null,
            "display_name": "",
            "effective_labels": {
              "environment": "dev",
              "goog-terraform-provisioned": "true",
              "purpose": "redis"
            },
            "effective_reserved_ip_range": "10.50.0.0/29",
            "host": "10.50.0.4",
            "id": "projects/qwiklabs-gcp-02-694fde51cac2/locations/us-east1/instances/my-redis",
            "labels": {
              "environment": "dev",
              "purpose": "redis"
            },
            "location_id": "us-east1-c",
            "maintenance_policy": [
              {
                "create_time": "2025-11-07T16:28:21.391989Z",
                "description": "",
                "update_time": "2025-11-07T16:28:21.391989Z",
                "weekly_maintenance_window": [
                  {
                    "day": "SUNDAY",
                    "duration": "3600s",
                    "start_time": [
                      {
                        "hours": 3,
                        "minutes": 0,
                        "nanos": 0,
                        "seconds": 0
                      }
                    ]
                  }
                ]
              }
            ],
            "maintenance_schedule": [],
            "maintenance_version": "20251007_00_00",
            "memory_size_gb": 1,
            "name": "my-redis",
            "nodes": [
              {
                "id": "node-0",
                "zone": "us-east1-c"
              },
              {
                "id": "node-1",
                "zone": "us-east1-b"
              }
            ],
            "persistence_config": [
              {
                "persistence_mode": "DISABLED",
                "rdb_next_snapshot_time": "",
                "rdb_snapshot_period": "",
                "rdb_snapshot_start_time": ""
              }
            ],
            "persistence_iam_identity": "serviceAccount:service-175743709249@cloud-redis.iam.gserviceaccount.com",
            "port": 6379,
            "project": "qwiklabs-gcp-02-694fde51cac2",
            "read_endpoint": "",
            "read_endpoint_port": 0,
            "read_replicas_mode": "READ_REPLICAS_DISABLED",
            "redis_configs": {},
            "redis_version": "REDIS_7_0",
            "region": "us-east1",
            "replica_count": 1,
            "reserved_ip_range": null,
            "secondary_ip_range": "",
            "server_ca_certs": [],
            "terraform_labels": {
              "environment": "dev",
              "goog-terraform-provisioned": "true",
              "purpose": "redis"
            },
            "tier": "STANDARD_HA",
            "timeouts": null,
            "transit_encryption_mode": "DISABLED"
          },
          "sensitive_attributes": [
            [
              {
                "type": "get_attr",
                "value": "auth_string"
              }
            ]
          ],
          "identity_schema_version": 0,
          "private": "eyJlMmJmYjczMC1lY2FhLTExZTYtOGY4OC0zNDM2M2JjN2M0YzAiOnsiY3JlYXRlIjoxMjAwMDAwMDAwMDAwLCJkZWxldGUiOjEyMDAwMDAwMDAwMDAsInVwZGF0ZSI6MTIwMDAwMDAwMDAwMH19",
          "dependencies": [
            "module.network.google_compute_firewall.allow_iap_ssh",
            "module.network.google_compute_firewall.allow_redis",
            "module.network.google_compute_global_address.google_managed_services_range",
            "module.network.google_compute_network.vpc",
            "module.network.google_compute_router.router",
            "module.network.google_compute_router_nat.nat",
            "module.network.google_service_networking_connection.private_vpc_connection"
          ]
        }
      ]
    },
    {
      "module": "module.secrets",
      "mode": "managed",
      "type": "google_secret_manager_secret",
      "name": "mysql_password",
      "provider": "provider[\"registry.terraform.io/hashicorp/google\"]",
      "instances": [
        {
          "schema_version": 0,
          "attributes": {
            "annotations": {},
            "create_time": "2025-11-07T16:05:57.678978Z",
            "deletion_protection": false,
            "effective_annotations": {},
            "effective_labels": {
              "goog-terraform-provisioned": "true"
            },
            "expire_time": "",
            "id": "projects/qwiklabs-gcp-02-694fde51cac2/secrets/MYSQL_PASSWORD",
            "labels": {},
            "name": "projects/175743709249/secrets/MYSQL_PASSWORD",
            "project": "qwiklabs-gcp-02-694fde51cac2",
            "replication": [
              {
                "auto": [
                  {
                    "customer_managed_encryption": []
                  }
                ],
                "user_managed": []
              }
            ],
            "rotation": [],
            "secret_id": "MYSQL_PASSWORD",
            "tags": null,
            "terraform_labels": {
              "goog-terraform-provisioned": "true"
            },
            "timeouts": null,
            "topics": [],
            "ttl": null,
            "version_aliases": {},
            "version_destroy_ttl": ""
          },
          "sensitive_attributes": [],
          "identity_schema_version": 0,
          "private": "eyJlMmJmYjczMC1lY2FhLTExZTYtOGY4OC0zNDM2M2JjN2M0YzAiOnsiY3JlYXRlIjoxMjAwMDAwMDAwMDAwLCJkZWxldGUiOjEyMDAwMDAwMDAwMDAsInVwZGF0ZSI6MTIwMDAwMDAwMDAwMH19",
          "dependencies": [
            "module.api.google_project_service.enabled"
          ]
        }
      ]
    },
    {
      "module": "module.secrets",
      "mode": "managed",
      "type": "google_secret_manager_secret",
      "name": "mysql_root_password",
      "provider": "provider[\"registry.terraform.io/hashicorp/google\"]",
      "instances": [
        {
          "schema_version": 0,
          "attributes": {
            "annotations": {},
            "create_time": "2025-11-07T16:05:57.817364Z",
            "deletion_protection": false,
            "effective_annotations": {},
            "effective_labels": {
              "goog-terraform-provisioned": "true"
            },
            "expire_time": "",
            "id": "projects/qwiklabs-gcp-02-694fde51cac2/secrets/MYSQL_ROOT_PASSWORD",
            "labels": {},
            "name": "projects/175743709249/secrets/MYSQL_ROOT_PASSWORD",
            "project": "qwiklabs-gcp-02-694fde51cac2",
            "replication": [
              {
                "auto": [
                  {
                    "customer_managed_encryption": []
                  }
                ],
                "user_managed": []
              }
            ],
            "rotation": [],
            "secret_id": "MYSQL_ROOT_PASSWORD",
            "tags": null,
            "terraform_labels": {
              "goog-terraform-provisioned": "true"
            },
            "timeouts": null,
            "topics": [],
            "ttl": null,
            "version_aliases": {},
            "version_destroy_ttl": ""
          },
          "sensitive_attributes": [],
          "identity_schema_version": 0,
          "private": "eyJlMmJmYjczMC1lY2FhLTExZTYtOGY4OC0zNDM2M2JjN2M0YzAiOnsiY3JlYXRlIjoxMjAwMDAwMDAwMDAwLCJkZWxldGUiOjEyMDAwMDAwMDAwMDAsInVwZGF0ZSI6MTIwMDAwMDAwMDAwMH19",
          "dependencies": [
            "module.api.google_project_service.enabled"
          ]
        }
      ]
    },
    {
      "module": "module.secrets",
      "mode": "managed",
      "type": "google_secret_manager_secret",
      "name": "mysql_user",
      "provider": "provider[\"registry.terraform.io/hashicorp/google\"]",
      "instances": [
        {
          "schema_version": 0,
          "attributes": {
            "annotations": {},
            "create_time": "2025-11-07T16:05:57.678627Z",
            "deletion_protection": false,
            "effective_annotations": {},
            "effective_labels": {
              "goog-terraform-provisioned": "true"
            },
            "expire_time": "",
            "id": "projects/qwiklabs-gcp-02-694fde51cac2/secrets/MYSQL_USER",
            "labels": {},
            "name": "projects/175743709249/secrets/MYSQL_USER",
            "project": "qwiklabs-gcp-02-694fde51cac2",
            "replication": [
              {
                "auto": [
                  {
                    "customer_managed_encryption": []
                  }
                ],
                "user_managed": []
              }
            ],
            "rotation": [],
            "secret_id": "MYSQL_USER",
            "tags": null,
            "terraform_labels": {
              "goog-terraform-provisioned": "true"
            },
            "timeouts": null,
            "topics": [],
            "ttl": null,
            "version_aliases": {},
            "version_destroy_ttl": ""
          },
          "sensitive_attributes": [],
          "identity_schema_version": 0,
          "private": "eyJlMmJmYjczMC1lY2FhLTExZTYtOGY4OC0zNDM2M2JjN2M0YzAiOnsiY3JlYXRlIjoxMjAwMDAwMDAwMDAwLCJkZWxldGUiOjEyMDAwMDAwMDAwMDAsInVwZGF0ZSI6MTIwMDAwMDAwMDAwMH19",
          "dependencies": [
            "module.api.google_project_service.enabled"
          ]
        }
      ]
    },
    {
      "module": "module.secrets",
      "mode": "managed",
      "type": "google_secret_manager_secret_version",
      "name": "mysql_password_version",
      "provider": "provider[\"registry.terraform.io/hashicorp/google\"]",
      "instances": [
        {
          "schema_version": 0,
          "attributes": {
            "create_time": "2025-11-07T16:06:06.146620Z",
            "deletion_policy": "DELETE",
            "destroy_time": "",
            "enabled": true,
            "id": "projects/175743709249/secrets/MYSQL_PASSWORD/versions/1",
            "is_secret_data_base64": false,
            "name": "projects/175743709249/secrets/MYSQL_PASSWORD/versions/1",
            "secret": "projects/qwiklabs-gcp-02-694fde51cac2/secrets/MYSQL_PASSWORD",
            "secret_data": "rootpass",
            "secret_data_wo": null,
            "secret_data_wo_version": 0,
            "timeouts": null,
            "version": "1"
          },
          "sensitive_attributes": [
            [
              {
                "type": "get_attr",
                "value": "secret_data"
              }
            ]
          ],
          "identity_schema_version": 0,
          "private": "eyJlMmJmYjczMC1lY2FhLTExZTYtOGY4OC0zNDM2M2JjN2M0YzAiOnsiY3JlYXRlIjoxMjAwMDAwMDAwMDAwLCJkZWxldGUiOjEyMDAwMDAwMDAwMDAsInVwZGF0ZSI6MTIwMDAwMDAwMDAwMH19",
          "dependencies": [
            "module.api.google_project_service.enabled",
            "module.secrets.google_secret_manager_secret.mysql_password"
          ]
        }
      ]
    },
    {
      "module": "module.secrets",
      "mode": "managed",
      "type": "google_secret_manager_secret_version",
      "name": "mysql_root_password_version",
      "provider": "provider[\"registry.terraform.io/hashicorp/google\"]",
      "instances": [
        {
          "schema_version": 0,
          "attributes": {
            "create_time": "2025-11-07T16:06:05.579913Z",
            "deletion_policy": "DELETE",
            "destroy_time": "",
            "enabled": true,
            "id": "projects/175743709249/secrets/MYSQL_ROOT_PASSWORD/versions/1",
            "is_secret_data_base64": false,
            "name": "projects/175743709249/secrets/MYSQL_ROOT_PASSWORD/versions/1",
            "secret": "projects/qwiklabs-gcp-02-694fde51cac2/secrets/MYSQL_ROOT_PASSWORD",
            "secret_data": "rootpass",
            "secret_data_wo": null,
            "secret_data_wo_version": 0,
            "timeouts": null,
            "version": "1"
          },
          "sensitive_attributes": [
            [
              {
                "type": "get_attr",
                "value": "secret_data"
              }
            ]
          ],
          "identity_schema_version": 0,
          "private": "eyJlMmJmYjczMC1lY2FhLTExZTYtOGY4OC0zNDM2M2JjN2M0YzAiOnsiY3JlYXRlIjoxMjAwMDAwMDAwMDAwLCJkZWxldGUiOjEyMDAwMDAwMDAwMDAsInVwZGF0ZSI6MTIwMDAwMDAwMDAwMH19",
          "dependencies": [
            "module.api.google_project_service.enabled",
            "module.secrets.google_secret_manager_secret.mysql_root_password"
          ]
        }
      ]
    },
    {
      "module": "module.secrets",
      "mode": "managed",
      "type": "google_secret_manager_secret_version",
      "name": "mysql_user_version",
      "provider": "provider[\"registry.terraform.io/hashicorp/google\"]",
      "instances": [
        {
          "schema_version": 0,
          "attributes": {
            "create_time": "2025-11-07T16:06:04.323641Z",
            "deletion_policy": "DELETE",
            "destroy_time": "",
            "enabled": true,
            "id": "projects/175743709249/secrets/MYSQL_USER/versions/1",
            "is_secret_data_base64": false,
            "name": "projects/175743709249/secrets/MYSQL_USER/versions/1",
            "secret": "projects/qwiklabs-gcp-02-694fde51cac2/secrets/MYSQL_USER",
            "secret_data": "voteuser",
            "secret_data_wo": null,
            "secret_data_wo_version": 0,
            "timeouts": null,
            "version": "1"
          },
          "sensitive_attributes": [
            [
              {
                "type": "get_attr",
                "value": "secret_data"
              }
            ]
          ],
          "identity_schema_version": 0,
          "private": "eyJlMmJmYjczMC1lY2FhLTExZTYtOGY4OC0zNDM2M2JjN2M0YzAiOnsiY3JlYXRlIjoxMjAwMDAwMDAwMDAwLCJkZWxldGUiOjEyMDAwMDAwMDAwMDAsInVwZGF0ZSI6MTIwMDAwMDAwMDAwMH19",
          "dependencies": [
            "module.api.google_project_service.enabled",
            "module.secrets.google_secret_manager_secret.mysql_user"
          ]
        }
      ]
    },
    {
      "module": "module.vm",
      "mode": "managed",
      "type": "google_compute_instance",
      "name": "vm",
      "provider": "provider[\"registry.terraform.io/hashicorp/google\"]",
      "instances": [
        {
          "schema_version": 6,
          "attributes": {
            "advanced_machine_features": [],
            "allow_stopping_for_update": true,
            "attached_disk": [],
            "boot_disk": [
              {
                "auto_delete": true,
                "device_name": "persistent-disk-0",
                "disk_encryption_key_raw": "",
                "disk_encryption_key_rsa": "",
                "disk_encryption_key_sha256": "",
                "disk_encryption_service_account": "",
                "force_attach": false,
                "guest_os_features": [
                  "UEFI_COMPATIBLE",
                  "VIRTIO_SCSI_MULTIQUEUE",
                  "GVNIC",
                  "SEV_CAPABLE",
                  "SEV_LIVE_MIGRATABLE_V2"
                ],
                "initialize_params": [
                  {
                    "architecture": "X86_64",
                    "enable_confidential_compute": false,
                    "image": "https://www.googleapis.com/compute/v1/projects/debian-cloud/global/images/debian-12-bookworm-v20251014",
                    "labels": {},
                    "provisioned_iops": 0,
                    "provisioned_throughput": 0,
                    "resource_manager_tags": {},
                    "resource_policies": [],
                    "size": 10,
                    "snapshot": "",
                    "source_image_encryption_key": [],
                    "source_snapshot_encryption_key": [],
                    "storage_pool": "",
                    "type": "pd-standard"
                  }
                ],
                "interface": "",
                "kms_key_self_link": "",
                "mode": "READ_WRITE",
                "source": "https://www.googleapis.com/compute/v1/projects/qwiklabs-gcp-02-694fde51cac2/zones/us-east1-d/disks/redis-proxy"
              }
            ],
            "can_ip_forward": false,
            "confidential_instance_config": [],
            "cpu_platform": "Intel Broadwell",
            "creation_timestamp": "2025-11-07T08:08:06.601-08:00",
            "current_status": "RUNNING",
            "deletion_protection": false,
            "description": "",
            "desired_status": null,
            "effective_labels": {
              "goog-terraform-provisioned": "true"
            },
            "enable_display": false,
            "guest_accelerator": [],
            "hostname": "",
            "id": "projects/qwiklabs-gcp-02-694fde51cac2/zones/us-east1-d/instances/redis-proxy",
            "instance_encryption_key": [],
            "instance_id": "3282449933237725065",
            "key_revocation_action_type": "",
            "label_fingerprint": "vezUS-42LLM=",
            "labels": {},
            "machine_type": "e2-micro",
            "metadata": {
              "enable-oslogin": "TRUE"
            },
            "metadata_fingerprint": "hl845UKGHM4=",
            "metadata_startup_script": "#!/bin/bash\nsudo apt-get update -y\nsudo apt-get install -y redis-tools\n",
            "min_cpu_platform": "",
            "name": "redis-proxy",
            "network_interface": [
              {
                "access_config": [],
                "alias_ip_range": [],
                "internal_ipv6_prefix_length": 0,
                "ipv6_access_config": [],
                "ipv6_access_type": "",
                "ipv6_address": "",
                "name": "nic0",
                "network": "https://www.googleapis.com/compute/v1/projects/qwiklabs-gcp-02-694fde51cac2/global/networks/vote-app-vpc",
                "network_attachment": "",
                "network_ip": "10.142.0.2",
                "nic_type": "",
                "queue_count": 0,
                "stack_type": "IPV4_ONLY",
                "subnetwork": "https://www.googleapis.com/compute/v1/projects/qwiklabs-gcp-02-694fde51cac2/regions/us-east1/subnetworks/vote-app-vpc",
                "subnetwork_project": "qwiklabs-gcp-02-694fde51cac2"
              }
            ],
            "network_performance_config": [],
            "params": [],
            "project": "qwiklabs-gcp-02-694fde51cac2",
            "reservation_affinity": [],
            "resource_policies": [],
            "scheduling": [
              {
                "automatic_restart": true,
                "availability_domain": 0,
                "instance_termination_action": "",
                "local_ssd_recovery_timeout": [],
                "max_run_duration": [],
                "min_node_cpus": 0,
                "node_affinities": [],
                "on_host_maintenance": "MIGRATE",
                "on_instance_stop_action": [],
                "preemptible": false,
                "provisioning_model": "STANDARD",
                "termination_time": ""
              }
            ],
            "scratch_disk": [],
            "self_link": "https://www.googleapis.com/compute/v1/projects/qwiklabs-gcp-02-694fde51cac2/zones/us-east1-d/instances/redis-proxy",
            "service_account": [],
            "shielded_instance_config": [
              {
                "enable_integrity_monitoring": true,
                "enable_secure_boot": false,
                "enable_vtpm": true
              }
            ],
            "tags": [
              "redis-proxy"
            ],
            "tags_fingerprint": "dsMOVQcXWuY=",
            "terraform_labels": {
              "goog-terraform-provisioned": "true"
            },
            "timeouts": null,
            "zone": "us-east1-d"
          },
          "sensitive_attributes": [
            [
              {
                "type": "get_attr",
                "value": "boot_disk"
              },
              {
                "type": "index",
                "value": {
                  "value": 0,
                  "type": "number"
                }
              },
              {
                "type": "get_attr",
                "value": "disk_encryption_key_raw"
              }
            ],
            [
              {
                "type": "get_attr",
                "value": "boot_disk"
              },
              {
                "type": "index",
                "value": {
                  "value": 0,
                  "type": "number"
                }
              },
              {
                "type": "get_attr",
                "value": "disk_encryption_key_rsa"
              }
            ]
          ],
          "identity_schema_version": 0,
          "private": "eyJlMmJmYjczMC1lY2FhLTExZTYtOGY4OC0zNDM2M2JjN2M0YzAiOnsiY3JlYXRlIjoxMjAwMDAwMDAwMDAwLCJkZWxldGUiOjEyMDAwMDAwMDAwMDAsInVwZGF0ZSI6MTIwMDAwMDAwMDAwMH0sInNjaGVtYV92ZXJzaW9uIjoiNiJ9",
          "dependencies": [
            "module.network.google_compute_firewall.allow_iap_ssh",
            "module.network.google_compute_firewall.allow_redis",
            "module.network.google_compute_global_address.google_managed_services_range",
            "module.network.google_compute_network.vpc",
            "module.network.google_compute_router.router",
            "module.network.google_compute_router_nat.nat",
            "module.network.google_service_networking_connection.private_vpc_connection"
          ]
        }
      ]
    }
  ],
  "check_results": null
}
